
Microsoft Visual Studio Solution File, Format Version 12.00
# Visual Studio Version 16
VisualStudioVersion = 16.0.30611.23
MinimumVisualStudioVersion = 10.0.40219.1
Project("{F184B08F-C81C-45F6-A57F-5ABD9991F28F}") = "dmrz_queuevisualizer", "dmrz_queuevisualizer.vbproj", "{B006C6CF-B0E5-4759-937F-18A09402BC06}"
EndProject
Global
	GlobalSection(SolutionConfigurationPlatforms) = preSolution
		Debug|Any CPU = Debug|Any CPU
		Release|Any CPU = Release|Any CPU
	EndGlobalSection
	GlobalSection(ProjectConfigurationPlatforms) = postSolution
		{B006C6CF-B0E5-4759-937F-18A09402BC06}.Debug|Any CPU.ActiveCfg = Debug|Any CPU
		{B006C6CF-B0E5-4759-937F-18A09402BC06}.Debug|Any CPU.Build.0 = Debug|Any CPU
		{B006C6CF-B0E5-4759-937F-18A09402BC06}.Release|Any CPU.ActiveCfg = Release|Any CPU
		{B006C6CF-B0E5-4759-937F-18A09402BC06}.Release|Any CPU.Build.0 = Release|Any CPU
	EndGlobalSection
	GlobalSection(SolutionProperties) = preSolution
		HideSolutionNode = FALSE
	EndGlobalSection
	GlobalSection(ExtensibilityGlobals) = postSolution
		SolutionGuid = {75CDD7B2-32D4-48CE-A038-D6767BCEEAAE}
	EndGlobalSection
EndGlobal
